
Microsoft Visual Studio Solution File, Format Version 12.00
# Visual Studio Version 16
VisualStudioVersion = 16.0.31911.196
MinimumVisualStudioVersion = 10.0.40219.1
Project("{FAE04EC0-301F-11D3-BF4B-00C04F79EFBC}") = "BelajarApi", "BelajarApi\BelajarApi.csproj", "{1ACCA710-B03E-476B-8AA1-C9A5D9750F0C}"
EndProject
Global
	GlobalSection(SolutionConfigurationPlatforms) = preSolution
		Debug|Any CPU = Debug|Any CPU
		Release|Any CPU = Release|Any CPU
	EndGlobalSection
	GlobalSection(ProjectConfigurationPlatforms) = postSolution
		{1ACCA710-B03E-476B-8AA1-C9A5D9750F0C}.Debug|Any CPU.ActiveCfg = Debug|Any CPU
		{1ACCA710-B03E-476B-8AA1-C9A5D9750F0C}.Debug|Any CPU.Build.0 = Debug|Any CPU
		{1ACCA710-B03E-476B-8AA1-C9A5D9750F0C}.Release|Any CPU.ActiveCfg = Release|Any CPU
		{1ACCA710-B03E-476B-8AA1-C9A5D9750F0C}.Release|Any CPU.Build.0 = Release|Any CPU
	EndGlobalSection
	GlobalSection(SolutionProperties) = preSolution
		HideSolutionNode = FALSE
	EndGlobalSection
	GlobalSection(ExtensibilityGlobals) = postSolution
		SolutionGuid = {694993F8-02DD-44DA-AE31-1C4902B34C3C}
	EndGlobalSection
EndGlobal
